// !$*UTF8*$!
{
	archiveVersion = 1;
	classes = {
	};
	objectVersion = 77;
	objects = {

/* Begin PBXBuildFile section */
		3B4451BC2F73E88D0009C4E1 /* New Patient Credential Registration View.swift in Sources */ = {isa = PBXBuildFile; fileRef = 3B4451BB2F73E88D0009C4E1 /* New Patient Credential Registration View.swift */; };
		3B4451BE2F73E8D50009C4E1 /* Doctor Home View.swift in Sources */ = {isa = PBXBuildFile; fileRef = 3B4451BD2F73E8D50009C4E1 /* Doctor Home View.swift */; };
		3B4451C02F73E9E60009C4E1 /* Patient Home View.swift in Sources */ = {isa = PBXBuildFile; fileRef = 3B4451BF2F73E9E60009C4E1 /* Patient Home View.swift */; };
		3B4FEC4D3024839C002E9ED8 /* New Appointment View.swift in Sources */ = {isa = PBXBuildFile; fileRef = 3B4FEC4C3024839C002E9ED8 /* New Appointment View.swift */; };
		3B4FEC4F30248459002E9ED8 /* New Consultation Req View.swift in Sources */ = {isa = PBXBuildFile; fileRef = 3B4FEC4E30248459002E9ED8 /* New Consultation Req View.swift */; };
		3B4FEC51302487F9002E9ED8 /* Appointment Detail View.swift in Sources */ = {isa = PBXBuildFile; fileRef = 3B4FEC50302487F9002E9ED8 /* Appointment Detail View.swift */; };
		3B4FEC533024880C002E9ED8 /* Clinical Record Detail View.swift in Sources */ = {isa = PBXBuildFile; fileRef = 3B4FEC523024880C002E9ED8 /* Clinical Record Detail View.swift */; };
		3B9D185F2F71373F0048A9C3 /* Network Setup View.swift in Sources */ = {isa = PBXBuildFile; fileRef = 3B9D185E2F71373F0048A9C3 /* Network Setup View.swift */; };
		3BB082162F75233F00875AD0 /* New Patient Detail Registration View.swift in Sources */ = {isa = PBXBuildFile; fileRef = 3BB082152F75233F00875AD0 /* New Patient Detail Registration View.swift */; };
		3BB70A963046D90500C0EC09 /* Patients for Today View.swift in Sources */ = {isa = PBXBuildFile; fileRef = 3BB70A953046D90500C0EC09 /* Patients for Today View.swift */; };
		3BB70A983046D91600C0EC09 /* Full Patient List View.swift in Sources */ = {isa = PBXBuildFile; fileRef = 3BB70A973046D91600C0EC09 /* Full Patient List View.swift */; };
		3C65E6F32D3FED3C006E32F2 /* ContentView.swift in Sources */ = {isa = PBXBuildFile; fileRef = 3C65E6F02D3FED3C006E32F2 /* ContentView.swift */; };
		3C65E6F42D3FED3C006E32F2 /* MeDeX_for_iOSApp.swift in Sources */ = {isa = PBXBuildFile; fileRef = 3C65E6F12D3FED3C006E32F2 /* MeDeX_for_iOSApp.swift */; };
		3C65E6F52D3FED3C006E32F2 /* Preview Assets.xcassets in Resources */ = {isa = PBXBuildFile; fileRef = 3C65E6ED2D3FED3C006E32F2 /* Preview Assets.xcassets */; };
		3C65E6F62D3FED3C006E32F2 /* Assets.xcassets in Resources */ = {isa = PBXBuildFile; fileRef = 3C65E6EF2D3FED3C006E32F2 /* Assets.xcassets */; };
		3C7A11592F55971B009E882A /* Sample Preview Data Models.swift in Sources */ = {isa = PBXBuildFile; fileRef = 3C7A11582F55971B009E882A /* Sample Preview Data Models.swift */; };
		3C7A115F2F5597AD009E882A /* Welcome View.swift in Sources */ = {isa = PBXBuildFile; fileRef = 3C7A115E2F5597AD009E882A /* Welcome View.swift */; };
		3C7A11612F559FE4009E882A /* Doctor Login View.swift in Sources */ = {isa = PBXBuildFile; fileRef = 3C7A11602F559FE4009E882A /* Doctor Login View.swift */; };
		3C7A11652F55A029009E882A /* Patient Login View.swift in Sources */ = {isa = PBXBuildFile; fileRef = 3C7A11642F55A029009E882A /* Patient Login View.swift */; };
		3CFDC4582F52F7F800E743A0 /* MeDeXDataManager in Frameworks */ = {isa = PBXBuildFile; productRef = 3CFDC4572F52F7F800E743A0 /* MeDeXDataManager */; };
/* End PBXBuildFile section */

/* Begin PBXFileReference section */
		3B4451BB2F73E88D0009C4E1 /* New Patient Credential Registration View.swift */ = {isa = PBXFileReference; lastKnownFileType = sourcecode.swift; path = "New Patient Credential Registration View.swift"; sourceTree = "<group>"; };
		3B4451BD2F73E8D50009C4E1 /* Doctor Home View.swift */ = {isa = PBXFileReference; lastKnownFileType = sourcecode.swift; path = "Doctor Home View.swift"; sourceTree = "<group>"; };
		3B4451BF2F73E9E60009C4E1 /* Patient Home View.swift */ = {isa = PBXFileReference; lastKnownFileType = sourcecode.swift; path = "Patient Home View.swift"; sourceTree = "<group>"; };
		3B4FEC4C3024839C002E9ED8 /* New Appointment View.swift */ = {isa = PBXFileReference; lastKnownFileType = sourcecode.swift; path = "New Appointment View.swift"; sourceTree = "<group>"; };
		3B4FEC4E30248459002E9ED8 /* New Consultation Req View.swift */ = {isa = PBXFileReference; lastKnownFileType = sourcecode.swift; path = "New Consultation Req View.swift"; sourceTree = "<group>"; };
		3B4FEC50302487F9002E9ED8 /* Appointment Detail View.swift */ = {isa = PBXFileReference; lastKnownFileType = sourcecode.swift; path = "Appointment Detail View.swift"; sourceTree = "<group>"; };
		3B4FEC523024880C002E9ED8 /* Clinical Record Detail View.swift */ = {isa = PBXFileReference; lastKnownFileType = sourcecode.swift; path = "Clinical Record Detail View.swift"; sourceTree = "<group>"; };
		3B9D185E2F71373F0048A9C3 /* Network Setup View.swift */ = {isa = PBXFileReference; lastKnownFileType = sourcecode.swift; path = "Network Setup View.swift"; sourceTree = "<group>"; };
		3BB082152F75233F00875AD0 /* New Patient Detail Registration View.swift */ = {isa = PBXFileReference; lastKnownFileType = sourcecode.swift; path = "New Patient Detail Registration View.swift"; sourceTree = "<group>"; };
		3BB70A953046D90500C0EC09 /* Patients for Today View.swift */ = {isa = PBXFileReference; lastKnownFileType = sourcecode.swift; path = "Patients for Today View.swift"; sourceTree = "<group>"; };
		3BB70A973046D91600C0EC09 /* Full Patient List View.swift */ = {isa = PBXFileReference; lastKnownFileType = sourcecode.swift; path = "Full Patient List View.swift"; sourceTree = "<group>"; };
		3C65E6DC2D3FED2D006E32F2 /* MeDeX for iOS.app */ = {isa = PBXFileReference; explicitFileType = wrapper.application; includeInIndex = 0; path = "MeDeX for iOS.app"; sourceTree = BUILT_PRODUCTS_DIR; };
		3C65E6ED2D3FED3C006E32F2 /* Preview Assets.xcassets */ = {isa = PBXFileReference; lastKnownFileType = folder.assetcatalog; path = "Preview Assets.xcassets"; sourceTree = "<group>"; };
		3C65E6EF2D3FED3C006E32F2 /* Assets.xcassets */ = {isa = PBXFileReference; lastKnownFileType = folder.assetcatalog; path = Assets.xcassets; sourceTree = "<group>"; };
		3C65E6F02D3FED3C006E32F2 /* ContentView.swift */ = {isa = PBXFileReference; lastKnownFileType = sourcecode.swift; path = ContentView.swift; sourceTree = "<group>"; };
		3C65E6F12D3FED3C006E32F2 /* MeDeX_for_iOSApp.swift */ = {isa = PBXFileReference; lastKnownFileType = sourcecode.swift; path = MeDeX_for_iOSApp.swift; sourceTree = "<group>"; };
		3C7A11582F55971B009E882A /* Sample Preview Data Models.swift */ = {isa = PBXFileReference; lastKnownFileType = sourcecode.swift; path = "Sample Preview Data Models.swift"; sourceTree = "<group>"; };
		3C7A115E2F5597AD009E882A /* Welcome View.swift */ = {isa = PBXFileReference; lastKnownFileType = sourcecode.swift; path = "Welcome View.swift"; sourceTree = "<group>"; };
		3C7A11602F559FE4009E882A /* Doctor Login View.swift */ = {isa = PBXFileReference; lastKnownFileType = sourcecode.swift; path = "Doctor Login View.swift"; sourceTree = "<group>"; };
		3C7A11642F55A029009E882A /* Patient Login View.swift */ = {isa = PBXFileReference; lastKnownFileType = sourcecode.swift; path = "Patient Login View.swift"; sourceTree = "<group>"; };
/* End PBXFileReference section */

/* Begin PBXFrameworksBuildPhase section */
		3C65E6D92D3FED2D006E32F2 /* Frameworks */ = {
			isa = PBXFrameworksBuildPhase;
			buildActionMask = 2147483647;
			files = (
				3CFDC4582F52F7F800E743A0 /* MeDeXDataManager in Frameworks */,
			);
			runOnlyForDeploymentPostprocessing = 0;
		};
/* End PBXFrameworksBuildPhase section */

/* Begin PBXGroup section */
		3B4451BA2F73E85E0009C4E1 /* Patient Account Creation Views */ = {
			isa = PBXGroup;
			children = (
				3B4451BB2F73E88D0009C4E1 /* New Patient Credential Registration View.swift */,
				3BB082152F75233F00875AD0 /* New Patient Detail Registration View.swift */,
			);
			path = "Patient Account Creation Views";
			sourceTree = "<group>";
		};
		3C04D6F92D46336900041AA6 /* Data Models */ = {
			isa = PBXGroup;
			children = (
				3C7A11582F55971B009E882A /* Sample Preview Data Models.swift */,
			);
			path = "Data Models";
			sourceTree = "<group>";
		};
		3C65E6D32D3FED2D006E32F2 = {
			isa = PBXGroup;
			children = (
				3C65E6F22D3FED3C006E32F2 /* MeDeX for iOS */,
				3C65E6DD2D3FED2D006E32F2 /* Products */,
			);
			sourceTree = "<group>";
		};
		3C65E6DD2D3FED2D006E32F2 /* Products */ = {
			isa = PBXGroup;
			children = (
				3C65E6DC2D3FED2D006E32F2 /* MeDeX for iOS.app */,
			);
			name = Products;
			sourceTree = "<group>";
		};
		3C65E6EE2D3FED3C006E32F2 /* Preview Content */ = {
			isa = PBXGroup;
			children = (
				3C65E6ED2D3FED3C006E32F2 /* Preview Assets.xcassets */,
			);
			path = "Preview Content";
			sourceTree = "<group>";
		};
		3C65E6F22D3FED3C006E32F2 /* MeDeX for iOS */ = {
			isa = PBXGroup;
			children = (
				3C65E6F12D3FED3C006E32F2 /* MeDeX_for_iOSApp.swift */,
				3C65E6F02D3FED3C006E32F2 /* ContentView.swift */,
				3C7A115A2F55972C009E882A /* Views */,
				3C04D6F92D46336900041AA6 /* Data Models */,
				3C65E6EF2D3FED3C006E32F2 /* Assets.xcassets */,
				3C65E6EE2D3FED3C006E32F2 /* Preview Content */,
			);
			path = "MeDeX for iOS";
			sourceTree = "<group>";
		};
		3C7A115A2F55972C009E882A /* Views */ = {
			isa = PBXGroup;
			children = (
				3C7A115B2F55973A009E882A /* Setup View */,
				3C7A115C2F559742009E882A /* Doctor View */,
				3C7A115D2F55975A009E882A /* Patient View */,
			);
			path = Views;
			sourceTree = "<group>";
		};
		3C7A115B2F55973A009E882A /* Setup View */ = {
			isa = PBXGroup;
			children = (
				3C7A115E2F5597AD009E882A /* Welcome View.swift */,
				3B9D185E2F71373F0048A9C3 /* Network Setup View.swift */,
			);
			path = "Setup View";
			sourceTree = "<group>";
		};
		3C7A115C2F559742009E882A /* Doctor View */ = {
			isa = PBXGroup;
			children = (
				3C7A11602F559FE4009E882A /* Doctor Login View.swift */,
				3B4451BD2F73E8D50009C4E1 /* Doctor Home View.swift */,
				3BB70A953046D90500C0EC09 /* Patients for Today View.swift */,
				3BB70A973046D91600C0EC09 /* Full Patient List View.swift */,
			);
			path = "Doctor View";
			sourceTree = "<group>";
		};
		3C7A115D2F55975A009E882A /* Patient View */ = {
			isa = PBXGroup;
			children = (
				3C7A11642F55A029009E882A /* Patient Login View.swift */,
				3B4451BF2F73E9E60009C4E1 /* Patient Home View.swift */,
				3B4FEC4C3024839C002E9ED8 /* New Appointment View.swift */,
				3B4FEC4E30248459002E9ED8 /* New Consultation Req View.swift */,
				3B4FEC50302487F9002E9ED8 /* Appointment Detail View.swift */,
				3B4FEC523024880C002E9ED8 /* Clinical Record Detail View.swift */,
				3B4451BA2F73E85E0009C4E1 /* Patient Account Creation Views */,
			);
			path = "Patient View";
			sourceTree = "<group>";
		};
/* End PBXGroup section */

/* Begin PBXNativeTarget section */
		3C65E6DB2D3FED2D006E32F2 /* MeDeX for iOS */ = {
			isa = PBXNativeTarget;
			buildConfigurationList = 3C65E6EA2D3FED2E006E32F2 /* Build configuration list for PBXNativeTarget "MeDeX for iOS" */;
			buildPhases = (
				3C65E6D82D3FED2D006E32F2 /* Sources */,
				3C65E6D92D3FED2D006E32F2 /* Frameworks */,
				3C65E6DA2D3FED2D006E32F2 /* Resources */,
			);
			buildRules = (
			);
			dependencies = (
			);
			name = "MeDeX for iOS";
			packageProductDependencies = (
				3CFDC4572F52F7F800E743A0 /* MeDeXDataManager */,
			);
			productName = "MeDeX for iOS";
			productReference = 3C65E6DC2D3FED2D006E32F2 /* MeDeX for iOS.app */;
			productType = "com.apple.product-type.application";
		};
/* End PBXNativeTarget section */

/* Begin PBXProject section */
		3C65E6D42D3FED2D006E32F2 /* Project object */ = {
			isa = PBXProject;
			attributes = {
				BuildIndependentTargetsInParallel = 1;
				LastSwiftUpdateCheck = 1620;
				LastUpgradeCheck = 1620;
				TargetAttributes = {
					3C65E6DB2D3FED2D006E32F2 = {
						CreatedOnToolsVersion = 16.2;
					};
				};
			};
			buildConfigurationList = 3C65E6D72D3FED2D006E32F2 /* Build configuration list for PBXProject "MeDeX for iOS" */;
			developmentRegion = en;
			hasScannedForEncodings = 0;
			knownRegions = (
				en,
				Base,
			);
			mainGroup = 3C65E6D32D3FED2D006E32F2;
			minimizedProjectReferenceProxies = 1;
			packageReferences = (
				3CFDC4562F52F7F800E743A0 /* XCLocalSwiftPackageReference "../MeDeXDataManager" */,
			);
			preferredProjectObjectVersion = 77;
			productRefGroup = 3C65E6DD2D3FED2D006E32F2 /* Products */;
			projectDirPath = "";
			projectRoot = "";
			targets = (
				3C65E6DB2D3FED2D006E32F2 /* MeDeX for iOS */,
			);
		};
/* End PBXProject section */

/* Begin PBXResourcesBuildPhase section */
		3C65E6DA2D3FED2D006E32F2 /* Resources */ = {
			isa = PBXResourcesBuildPhase;
			buildActionMask = 2147483647;
			files = (
				3C65E6F52D3FED3C006E32F2 /* Preview Assets.xcassets in Resources */,
				3C65E6F62D3FED3C006E32F2 /* Assets.xcassets in Resources */,
			);
			runOnlyForDeploymentPostprocessing = 0;
		};
/* End PBXResourcesBuildPhase section */

/* Begin PBXSourcesBuildPhase section */
		3C65E6D82D3FED2D006E32F2 /* Sources */ = {
			isa = PBXSourcesBuildPhase;
			buildActionMask = 2147483647;
			files = (
				3C7A115F2F5597AD009E882A /* Welcome View.swift in Sources */,
				3B4451BC2F73E88D0009C4E1 /* New Patient Credential Registration View.swift in Sources */,
				3B4451BE2F73E8D50009C4E1 /* Doctor Home View.swift in Sources */,
				3BB70A963046D90500C0EC09 /* Patients for Today View.swift in Sources */,
				3B4FEC51302487F9002E9ED8 /* Appointment Detail View.swift in Sources */,
				3C7A11592F55971B009E882A /* Sample Preview Data Models.swift in Sources */,
				3B4FEC4F30248459002E9ED8 /* New Consultation Req View.swift in Sources */,
				3B9D185F2F71373F0048A9C3 /* Network Setup View.swift in Sources */,
				3B4FEC4D3024839C002E9ED8 /* New Appointment View.swift in Sources */,
				3C65E6F32D3FED3C006E32F2 /* ContentView.swift in Sources */,
				3BB70A983046D91600C0EC09 /* Full Patient List View.swift in Sources */,
				3C65E6F42D3FED3C006E32F2 /* MeDeX_for_iOSApp.swift in Sources */,
				3B4FEC533024880C002E9ED8 /* Clinical Record Detail View.swift in Sources */,
				3C7A11652F55A029009E882A /* Patient Login View.swift in Sources */,
				3C7A11612F559FE4009E882A /* Doctor Login View.swift in Sources */,
				3B4451C02F73E9E60009C4E1 /* Patient Home View.swift in Sources */,
				3BB082162F75233F00875AD0 /* New Patient Detail Registration View.swift in Sources */,
			);
			runOnlyForDeploymentPostprocessing = 0;
		};
/* End PBXSourcesBuildPhase section */

/* Begin XCBuildConfiguration section */
		3C65E6E82D3FED2E006E32F2 /* Debug */ = {
			isa = XCBuildConfiguration;
			buildSettings = {
				ALWAYS_SEARCH_USER_PATHS = NO;
				ASSETCATALOG_COMPILER_GENERATE_SWIFT_ASSET_SYMBOL_EXTENSIONS = YES;
				CLANG_ANALYZER_NONNULL = YES;
				CLANG_ANALYZER_NUMBER_OBJECT_CONVERSION = YES_AGGRESSIVE;
				CLANG_CXX_LANGUAGE_STANDARD = "gnu++20";
				CLANG_ENABLE_MODULES = YES;
				CLANG_ENABLE_OBJC_ARC = YES;
				CLANG_ENABLE_OBJC_WEAK = YES;
				CLANG_WARN_BLOCK_CAPTURE_AUTORELEASING = YES;
				CLANG_WARN_BOOL_CONVERSION = YES;
				CLANG_WARN_COMMA = YES;
				CLANG_WARN_CONSTANT_CONVERSION = YES;
				CLANG_WARN_DEPRECATED_OBJC_IMPLEMENTATIONS = YES;
				CLANG_WARN_DIRECT_OBJC_ISA_USAGE = YES_ERROR;
				CLANG_WARN_DOCUMENTATION_COMMENTS = YES;
				CLANG_WARN_EMPTY_BODY = YES;
				CLANG_WARN_ENUM_CONVERSION = YES;
				CLANG_WARN_INFINITE_RECURSION = YES;
				CLANG_WARN_INT_CONVERSION = YES;
				CLANG_WARN_NON_LITERAL_NULL_CONVERSION = YES;
				CLANG_WARN_OBJC_IMPLICIT_RETAIN_SELF = YES;
				CLANG_WARN_OBJC_LITERAL_CONVERSION = YES;
				CLANG_WARN_OBJC_ROOT_CLASS = YES_ERROR;
				CLANG_WARN_QUOTED_INCLUDE_IN_FRAMEWORK_HEADER = YES;
				CLANG_WARN_RANGE_LOOP_ANALYSIS = YES;
				CLANG_WARN_STRICT_PROTOTYPES = YES;
				CLANG_WARN_SUSPICIOUS_MOVE = YES;
				CLANG_WARN_UNGUARDED_AVAILABILITY = YES_AGGRESSIVE;
				CLANG_WARN_UNREACHABLE_CODE = YES;
				CLANG_WARN__DUPLICATE_METHOD_MATCH = YES;
				COPY_PHASE_STRIP = NO;
				DEBUG_INFORMATION_FORMAT = dwarf;
				ENABLE_STRICT_OBJC_MSGSEND = YES;
				ENABLE_TESTABILITY = YES;
				ENABLE_USER_SCRIPT_SANDBOXING = YES;
				GCC_C_LANGUAGE_STANDARD = gnu17;
				GCC_DYNAMIC_NO_PIC = NO;
				GCC_NO_COMMON_BLOCKS = YES;
				GCC_OPTIMIZATION_LEVEL = 0;
				GCC_PREPROCESSOR_DEFINITIONS = (
					"DEBUG=1",
					"$(inherited)",
				);
				GCC_WARN_64_TO_32_BIT_CONVERSION = YES;
				GCC_WARN_ABOUT_RETURN_TYPE = YES_ERROR;
				GCC_WARN_UNDECLARED_SELECTOR = YES;
				GCC_WARN_UNINITIALIZED_AUTOS = YES_AGGRESSIVE;
				GCC_WARN_UNUSED_FUNCTION = YES;
				GCC_WARN_UNUSED_VARIABLE = YES;
				IPHONEOS_DEPLOYMENT_TARGET = 18.2;
				LOCALIZATION_PREFERS_STRING_CATALOGS = YES;
				MTL_ENABLE_DEBUG_INFO = INCLUDE_SOURCE;
				MTL_FAST_MATH = YES;
				ONLY_ACTIVE_ARCH = YES;
				SDKROOT = iphoneos;
				SWIFT_ACTIVE_COMPILATION_CONDITIONS = "DEBUG $(inherited)";
				SWIFT_OPTIMIZATION_LEVEL = "-Onone";
			};
			name = Debug;
		};
		3C65E6E92D3FED2E006E32F2 /* Release */ = {
			isa = XCBuildConfiguration;
			buildSettings = {
				ALWAYS_SEARCH_USER_PATHS = NO;
				ASSETCATALOG_COMPILER_GENERATE_SWIFT_ASSET_SYMBOL_EXTENSIONS = YES;
				CLANG_ANALYZER_NONNULL = YES;
				CLANG_ANALYZER_NUMBER_OBJECT_CONVERSION = YES_AGGRESSIVE;
				CLANG_CXX_LANGUAGE_STANDARD = "gnu++20";
				CLANG_ENABLE_MODULES = YES;
				CLANG_ENABLE_OBJC_ARC = YES;
				CLANG_ENABLE_OBJC_WEAK = YES;
				CLANG_WARN_BLOCK_CAPTURE_AUTORELEASING = YES;
				CLANG_WARN_BOOL_CONVERSION = YES;
				CLANG_WARN_COMMA = YES;
				CLANG_WARN_CONSTANT_CONVERSION = YES;
				CLANG_WARN_DEPRECATED_OBJC_IMPLEMENTATIONS = YES;
				CLANG_WARN_DIRECT_OBJC_ISA_USAGE = YES_ERROR;
				CLANG_WARN_DOCUMENTATION_COMMENTS = YES;
				CLANG_WARN_EMPTY_BODY = YES;
				CLANG_WARN_ENUM_CONVERSION = YES;
				CLANG_WARN_INFINITE_RECURSION = YES;
				CLANG_WARN_INT_CONVERSION = YES;
				CLANG_WARN_NON_LITERAL_NULL_CONVERSION = YES;
				CLANG_WARN_OBJC_IMPLICIT_RETAIN_SELF = YES;
				CLANG_WARN_OBJC_LITERAL_CONVERSION = YES;
				CLANG_WARN_OBJC_ROOT_CLASS = YES_ERROR;
				CLANG_WARN_QUOTED_INCLUDE_IN_FRAMEWORK_HEADER = YES;
				CLANG_WARN_RANGE_LOOP_ANALYSIS = YES;
				CLANG_WARN_STRICT_PROTOTYPES = YES;
				CLANG_WARN_SUSPICIOUS_MOVE = YES;
				CLANG_WARN_UNGUARDED_AVAILABILITY = YES_AGGRESSIVE;
				CLANG_WARN_UNREACHABLE_CODE = YES;
				CLANG_WARN__DUPLICATE_METHOD_MATCH = YES;
				COPY_PHASE_STRIP = NO;
				DEBUG_INFORMATION_FORMAT = "dwarf-with-dsym";
				ENABLE_NS_ASSERTIONS = NO;
				ENABLE_STRICT_OBJC_MSGSEND = YES;
				ENABLE_USER_SCRIPT_SANDBOXING = YES;
				GCC_C_LANGUAGE_STANDARD = gnu17;
				GCC_NO_COMMON_BLOCKS = YES;
				GCC_WARN_64_TO_32_BIT_CONVERSION = YES;
				GCC_WARN_ABOUT_RETURN_TYPE = YES_ERROR;
				GCC_WARN_UNDECLARED_SELECTOR = YES;
				GCC_WARN_UNINITIALIZED_AUTOS = YES_AGGRESSIVE;
				GCC_WARN_UNUSED_FUNCTION = YES;
				GCC_WARN_UNUSED_VARIABLE = YES;
				IPHONEOS_DEPLOYMENT_TARGET = 18.2;
				LOCALIZATION_PREFERS_STRING_CATALOGS = YES;
				MTL_ENABLE_DEBUG_INFO = NO;
				MTL_FAST_MATH = YES;
				SDKROOT = iphoneos;
				SWIFT_COMPILATION_MODE = wholemodule;
				VALIDATE_PRODUCT = YES;
			};
			name = Release;
		};
		3C65E6EB2D3FED2E006E32F2 /* Debug */ = {
			isa = XCBuildConfiguration;
			buildSettings = {
				ASSETCATALOG_COMPILER_APPICON_NAME = AppIcon;
				ASSETCATALOG_COMPILER_GLOBAL_ACCENT_COLOR_NAME = AccentColor;
				CODE_SIGN_STYLE = Automatic;
				CURRENT_PROJECT_VERSION = 1;
				DEVELOPMENT_ASSET_PATHS = "\"MeDeX for iOS/Preview Content\"";
				DEVELOPMENT_TEAM = CL6U94RH5N;
				ENABLE_PREVIEWS = YES;
				GENERATE_INFOPLIST_FILE = YES;
				INFOPLIST_KEY_LSApplicationCategoryType = "public.app-category.medical";
				INFOPLIST_KEY_UIApplicationSceneManifest_Generation = YES;
				INFOPLIST_KEY_UIApplicationSupportsIndirectInputEvents = YES;
				INFOPLIST_KEY_UILaunchScreen_Generation = YES;
				INFOPLIST_KEY_UISupportedInterfaceOrientations_iPad = "UIInterfaceOrientationPortrait UIInterfaceOrientationPortraitUpsideDown UIInterfaceOrientationLandscapeLeft UIInterfaceOrientationLandscapeRight";
				INFOPLIST_KEY_UISupportedInterfaceOrientations_iPhone = "UIInterfaceOrientationPortrait UIInterfaceOrientationLandscapeLeft UIInterfaceOrientationLandscapeRight";
				LD_RUNPATH_SEARCH_PATHS = (
					"$(inherited)",
					"@executable_path/Frameworks",
				);
				MARKETING_VERSION = 1.0;
				PRODUCT_BUNDLE_IDENTIFIER = "KOUTAN-App-Builders.MeDeX-for-iOS";
				PRODUCT_NAME = "$(TARGET_NAME)";
				SWIFT_EMIT_LOC_STRINGS = YES;
				SWIFT_VERSION = 5.0;
				TARGETED_DEVICE_FAMILY = "1,2";
			};
			name = Debug;
		};
		3C65E6EC2D3FED2E006E32F2 /* Release */ = {
			isa = XCBuildConfiguration;
			buildSettings = {
				ASSETCATALOG_COMPILER_APPICON_NAME = AppIcon;
				ASSETCATALOG_COMPILER_GLOBAL_ACCENT_COLOR_NAME = AccentColor;
				CODE_SIGN_STYLE = Automatic;
				CURRENT_PROJECT_VERSION = 1;
				DEVELOPMENT_ASSET_PATHS = "\"MeDeX for iOS/Preview Content\"";
				DEVELOPMENT_TEAM = CL6U94RH5N;
				ENABLE_PREVIEWS = YES;
				GENERATE_INFOPLIST_FILE = YES;
				INFOPLIST_KEY_LSApplicationCategoryType = "public.app-category.medical";
				INFOPLIST_KEY_UIApplicationSceneManifest_Generation = YES;
				INFOPLIST_KEY_UIApplicationSupportsIndirectInputEvents = YES;
				INFOPLIST_KEY_UILaunchScreen_Generation = YES;
				INFOPLIST_KEY_UISupportedInterfaceOrientations_iPad = "UIInterfaceOrientationPortrait UIInterfaceOrientationPortraitUpsideDown UIInterfaceOrientationLandscapeLeft UIInterfaceOrientationLandscapeRight";
				INFOPLIST_KEY_UISupportedInterfaceOrientations_iPhone = "UIInterfaceOrientationPortrait UIInterfaceOrientationLandscapeLeft UIInterfaceOrientationLandscapeRight";
				LD_RUNPATH_SEARCH_PATHS = (
					"$(inherited)",
					"@executable_path/Frameworks",
				);
				MARKETING_VERSION = 1.0;
				PRODUCT_BUNDLE_IDENTIFIER = "KOUTAN-App-Builders.MeDeX-for-iOS";
				PRODUCT_NAME = "$(TARGET_NAME)";
				SWIFT_EMIT_LOC_STRINGS = YES;
				SWIFT_VERSION = 5.0;
				TARGETED_DEVICE_FAMILY = "1,2";
			};
			name = Release;
		};
/* End XCBuildConfiguration section */

/* Begin XCConfigurationList section */
		3C65E6D72D3FED2D006E32F2 /* Build configuration list for PBXProject "MeDeX for iOS" */ = {
			isa = XCConfigurationList;
			buildConfigurations = (
				3C65E6E82D3FED2E006E32F2 /* Debug */,
				3C65E6E92D3FED2E006E32F2 /* Release */,
			);
			defaultConfigurationIsVisible = 0;
			defaultConfigurationName = Release;
		};
		3C65E6EA2D3FED2E006E32F2 /* Build configuration list for PBXNativeTarget "MeDeX for iOS" */ = {
			isa = XCConfigurationList;
			buildConfigurations = (
				3C65E6EB2D3FED2E006E32F2 /* Debug */,
				3C65E6EC2D3FED2E006E32F2 /* Release */,
			);
			defaultConfigurationIsVisible = 0;
			defaultConfigurationName = Release;
		};
/* End XCConfigurationList section */

/* Begin XCLocalSwiftPackageReference section */
		3CFDC4562F52F7F800E743A0 /* XCLocalSwiftPackageReference "../MeDeXDataManager" */ = {
			isa = XCLocalSwiftPackageReference;
			relativePath = ../MeDeXDataManager;
		};
/* End XCLocalSwiftPackageReference section */

/* Begin XCSwiftPackageProductDependency section */
		3CFDC4572F52F7F800E743A0 /* MeDeXDataManager */ = {
			isa = XCSwiftPackageProductDependency;
			productName = MeDeXDataManager;
		};
/* End XCSwiftPackageProductDependency section */
	};
	rootObject = 3C65E6D42D3FED2D006E32F2 /* Project object */;
}
