// !$*UTF8*$!
{
	archiveVersion = 1;
	classes = {
	};
	objectVersion = 77;
	objects = {

/* Begin PBXBuildFile section */
		3C04D6F22D4630FF00041AA6 /* Administrator Data Model.swift in Sources */ = {isa = PBXBuildFile; fileRef = 3C04D6F12D4630FF00041AA6 /* Administrator Data Model.swift */; };
		3C04D6F42D46323D00041AA6 /* Doctor Data Model.swift in Sources */ = {isa = PBXBuildFile; fileRef = 3C04D6F32D46323D00041AA6 /* Doctor Data Model.swift */; };
		3C04D6F62D46327D00041AA6 /* Patient Data Model.swift in Sources */ = {isa = PBXBuildFile; fileRef = 3C04D6F52D46327D00041AA6 /* Patient Data Model.swift */; };
		3C04D6F82D46330C00041AA6 /* Patient Clinical Record Model.swift in Sources */ = {isa = PBXBuildFile; fileRef = 3C04D6F72D46330C00041AA6 /* Patient Clinical Record Model.swift */; };
		3C0523B72D808E3F00C55DA9 /* Patient Detail View.swift in Sources */ = {isa = PBXBuildFile; fileRef = 3C0523B62D808E3F00C55DA9 /* Patient Detail View.swift */; };
		3C0CF4322D8B1A3200F2D6B7 /* Encryption Manager.swift in Sources */ = {isa = PBXBuildFile; fileRef = 3C0CF4312D8B1A3200F2D6B7 /* Encryption Manager.swift */; };
		3C36A56F2F49A9C700348025 /* Network Setup View.swift in Sources */ = {isa = PBXBuildFile; fileRef = 3C36A56E2F49A9C700348025 /* Network Setup View.swift */; };
		3C3FB7572D41419F001FC995 /* Welcome View.swift in Sources */ = {isa = PBXBuildFile; fileRef = 3C3FB7562D41419F001FC995 /* Welcome View.swift */; };
		3C3FB7592D41421A001FC995 /* Administrator Setup View.swift in Sources */ = {isa = PBXBuildFile; fileRef = 3C3FB7582D41421A001FC995 /* Administrator Setup View.swift */; };
		3C4682732D65B7F400F20354 /* Patient Data List View.swift in Sources */ = {isa = PBXBuildFile; fileRef = 3C4682722D65B7F400F20354 /* Patient Data List View.swift */; };
		3C4682752D65B80600F20354 /* Network Settings View.swift in Sources */ = {isa = PBXBuildFile; fileRef = 3C4682742D65B80600F20354 /* Network Settings View.swift */; };
		3C4682772D65B81400F20354 /* Admin Manager View.swift in Sources */ = {isa = PBXBuildFile; fileRef = 3C4682762D65B81400F20354 /* Admin Manager View.swift */; };
		3C4BC7A52D76C4A2008E9505 /* Patient Appointment Data Model.swift in Sources */ = {isa = PBXBuildFile; fileRef = 3C4BC7A42D76C4A2008E9505 /* Patient Appointment Data Model.swift */; };
		3C867E552D7C9A6B00FE865A /* Clinical Department Data Model.swift in Sources */ = {isa = PBXBuildFile; fileRef = 3C867E542D7C9A6B00FE865A /* Clinical Department Data Model.swift */; };
		3C867E572D7C9BD800FE865A /* Prescription Data Model.swift in Sources */ = {isa = PBXBuildFile; fileRef = 3C867E562D7C9BD800FE865A /* Prescription Data Model.swift */; };
		3C867E592D7C9CBD00FE865A /* Medication Detail Data Model.swift in Sources */ = {isa = PBXBuildFile; fileRef = 3C867E582D7C9CBD00FE865A /* Medication Detail Data Model.swift */; };
		3C93638A2D69C74C00522A46 /* Administrator Home View.swift in Sources */ = {isa = PBXBuildFile; fileRef = 3C07D7522D439FBA0048C2FC /* Administrator Home View.swift */; };
		3C93638D2D69CA2900522A46 /* Doctor Data List View.swift in Sources */ = {isa = PBXBuildFile; fileRef = 3C93638C2D69CA2900522A46 /* Doctor Data List View.swift */; };
		3C9423B42D8724780099704D /* Sample Preview Data Models.swift in Sources */ = {isa = PBXBuildFile; fileRef = 3C9423B32D8724780099704D /* Sample Preview Data Models.swift */; };
		3CAEF00E2D75C13E007A69DC /* Doctor Home View.swift in Sources */ = {isa = PBXBuildFile; fileRef = 3CAEF00D2D75C13E007A69DC /* Doctor Home View.swift */; };
		3CBE78342D3E4CB800021743 /* ContentView.swift in Sources */ = {isa = PBXBuildFile; fileRef = 3CBE78302D3E4CB800021743 /* ContentView.swift */; };
		3CBE78352D3E4CB800021743 /* MeDeX_for_MacApp.swift in Sources */ = {isa = PBXBuildFile; fileRef = 3CBE78322D3E4CB800021743 /* MeDeX_for_MacApp.swift */; };
		3CBE78362D3E4CB800021743 /* Preview Assets.xcassets in Resources */ = {isa = PBXBuildFile; fileRef = 3CBE782D2D3E4CB800021743 /* Preview Assets.xcassets */; };
		3CBE78372D3E4CB800021743 /* Assets.xcassets in Resources */ = {isa = PBXBuildFile; fileRef = 3CBE782F2D3E4CB800021743 /* Assets.xcassets */; };
		3CBFE11B2D76033C00E25557 /* Patients For Today View.swift in Sources */ = {isa = PBXBuildFile; fileRef = 3CBFE11A2D76033C00E25557 /* Patients For Today View.swift */; };
		3CBFE11D2D76034800E25557 /* Full Patient List View.swift in Sources */ = {isa = PBXBuildFile; fileRef = 3CBFE11C2D76034800E25557 /* Full Patient List View.swift */; };
		3CD0FF9B2D81DEDB00404FEB /* New Record Entry View.swift in Sources */ = {isa = PBXBuildFile; fileRef = 3CD0FF9A2D81DEDB00404FEB /* New Record Entry View.swift */; };
		3CE142072D42935A006BDCF7 /* Basic Instructions View.swift in Sources */ = {isa = PBXBuildFile; fileRef = 3CE142052D429306006BDCF7 /* Basic Instructions View.swift */; };
		3CE922332D3F8F9600E0F967 /* Administrator Login View.swift in Sources */ = {isa = PBXBuildFile; fileRef = 3CE922312D3F8F9600E0F967 /* Administrator Login View.swift */; };
		3CE922362D3F903300E0F967 /* Doctor Login View.swift in Sources */ = {isa = PBXBuildFile; fileRef = 3CE922352D3F903300E0F967 /* Doctor Login View.swift */; };
		3CFEB2EB2D7D6556005D83BE /* Department Manager View.swift in Sources */ = {isa = PBXBuildFile; fileRef = 3CFEB2EA2D7D6556005D83BE /* Department Manager View.swift */; };
/* End PBXBuildFile section */

/* Begin PBXFileReference section */
		3C04D6F12D4630FF00041AA6 /* Administrator Data Model.swift */ = {isa = PBXFileReference; lastKnownFileType = sourcecode.swift; path = "Administrator Data Model.swift"; sourceTree = "<group>"; };
		3C04D6F32D46323D00041AA6 /* Doctor Data Model.swift */ = {isa = PBXFileReference; lastKnownFileType = sourcecode.swift; path = "Doctor Data Model.swift"; sourceTree = "<group>"; };
		3C04D6F52D46327D00041AA6 /* Patient Data Model.swift */ = {isa = PBXFileReference; lastKnownFileType = sourcecode.swift; path = "Patient Data Model.swift"; sourceTree = "<group>"; };
		3C04D6F72D46330C00041AA6 /* Patient Clinical Record Model.swift */ = {isa = PBXFileReference; lastKnownFileType = sourcecode.swift; path = "Patient Clinical Record Model.swift"; sourceTree = "<group>"; };
		3C0523B62D808E3F00C55DA9 /* Patient Detail View.swift */ = {isa = PBXFileReference; lastKnownFileType = sourcecode.swift; path = "Patient Detail View.swift"; sourceTree = "<group>"; };
		3C07D7522D439FBA0048C2FC /* Administrator Home View.swift */ = {isa = PBXFileReference; lastKnownFileType = sourcecode.swift; path = "Administrator Home View.swift"; sourceTree = "<group>"; };
		3C0CF4312D8B1A3200F2D6B7 /* Encryption Manager.swift */ = {isa = PBXFileReference; lastKnownFileType = sourcecode.swift; path = "Encryption Manager.swift"; sourceTree = "<group>"; };
		3C36A56E2F49A9C700348025 /* Network Setup View.swift */ = {isa = PBXFileReference; lastKnownFileType = sourcecode.swift; path = "Network Setup View.swift"; sourceTree = "<group>"; };
		3C3FB7562D41419F001FC995 /* Welcome View.swift */ = {isa = PBXFileReference; lastKnownFileType = sourcecode.swift; path = "Welcome View.swift"; sourceTree = "<group>"; };
		3C3FB7582D41421A001FC995 /* Administrator Setup View.swift */ = {isa = PBXFileReference; lastKnownFileType = sourcecode.swift; path = "Administrator Setup View.swift"; sourceTree = "<group>"; };
		3C4682722D65B7F400F20354 /* Patient Data List View.swift */ = {isa = PBXFileReference; lastKnownFileType = sourcecode.swift; path = "Patient Data List View.swift"; sourceTree = "<group>"; };
		3C4682742D65B80600F20354 /* Network Settings View.swift */ = {isa = PBXFileReference; lastKnownFileType = sourcecode.swift; path = "Network Settings View.swift"; sourceTree = "<group>"; };
		3C4682762D65B81400F20354 /* Admin Manager View.swift */ = {isa = PBXFileReference; lastKnownFileType = sourcecode.swift; path = "Admin Manager View.swift"; sourceTree = "<group>"; };
		3C4BC7A42D76C4A2008E9505 /* Patient Appointment Data Model.swift */ = {isa = PBXFileReference; lastKnownFileType = sourcecode.swift; path = "Patient Appointment Data Model.swift"; sourceTree = "<group>"; };
		3C867E542D7C9A6B00FE865A /* Clinical Department Data Model.swift */ = {isa = PBXFileReference; lastKnownFileType = sourcecode.swift; path = "Clinical Department Data Model.swift"; sourceTree = "<group>"; };
		3C867E562D7C9BD800FE865A /* Prescription Data Model.swift */ = {isa = PBXFileReference; lastKnownFileType = sourcecode.swift; path = "Prescription Data Model.swift"; sourceTree = "<group>"; };
		3C867E582D7C9CBD00FE865A /* Medication Detail Data Model.swift */ = {isa = PBXFileReference; lastKnownFileType = sourcecode.swift; path = "Medication Detail Data Model.swift"; sourceTree = "<group>"; };
		3C93638C2D69CA2900522A46 /* Doctor Data List View.swift */ = {isa = PBXFileReference; lastKnownFileType = sourcecode.swift; path = "Doctor Data List View.swift"; sourceTree = "<group>"; };
		3C9423B32D8724780099704D /* Sample Preview Data Models.swift */ = {isa = PBXFileReference; lastKnownFileType = sourcecode.swift; path = "Sample Preview Data Models.swift"; sourceTree = "<group>"; };
		3CAEF00D2D75C13E007A69DC /* Doctor Home View.swift */ = {isa = PBXFileReference; lastKnownFileType = sourcecode.swift; path = "Doctor Home View.swift"; sourceTree = "<group>"; };
		3CBE781B2D3E4B8A00021743 /* MeDeX for Mac.app */ = {isa = PBXFileReference; explicitFileType = wrapper.application; includeInIndex = 0; path = "MeDeX for Mac.app"; sourceTree = BUILT_PRODUCTS_DIR; };
		3CBE782D2D3E4CB800021743 /* Preview Assets.xcassets */ = {isa = PBXFileReference; lastKnownFileType = folder.assetcatalog; path = "Preview Assets.xcassets"; sourceTree = "<group>"; };
		3CBE782F2D3E4CB800021743 /* Assets.xcassets */ = {isa = PBXFileReference; lastKnownFileType = folder.assetcatalog; path = Assets.xcassets; sourceTree = "<group>"; };
		3CBE78302D3E4CB800021743 /* ContentView.swift */ = {isa = PBXFileReference; lastKnownFileType = sourcecode.swift; path = ContentView.swift; sourceTree = "<group>"; };
		3CBE78312D3E4CB800021743 /* MeDeX_for_Mac.entitlements */ = {isa = PBXFileReference; lastKnownFileType = text.plist.entitlements; path = MeDeX_for_Mac.entitlements; sourceTree = "<group>"; };
		3CBE78322D3E4CB800021743 /* MeDeX_for_MacApp.swift */ = {isa = PBXFileReference; lastKnownFileType = sourcecode.swift; path = MeDeX_for_MacApp.swift; sourceTree = "<group>"; };
		3CBFE11A2D76033C00E25557 /* Patients For Today View.swift */ = {isa = PBXFileReference; lastKnownFileType = sourcecode.swift; path = "Patients For Today View.swift"; sourceTree = "<group>"; };
		3CBFE11C2D76034800E25557 /* Full Patient List View.swift */ = {isa = PBXFileReference; lastKnownFileType = sourcecode.swift; path = "Full Patient List View.swift"; sourceTree = "<group>"; };
		3CD0FF9A2D81DEDB00404FEB /* New Record Entry View.swift */ = {isa = PBXFileReference; lastKnownFileType = sourcecode.swift; path = "New Record Entry View.swift"; sourceTree = "<group>"; };
		3CE142052D429306006BDCF7 /* Basic Instructions View.swift */ = {isa = PBXFileReference; lastKnownFileType = sourcecode.swift; path = "Basic Instructions View.swift"; sourceTree = "<group>"; };
		3CE922312D3F8F9600E0F967 /* Administrator Login View.swift */ = {isa = PBXFileReference; lastKnownFileType = sourcecode.swift; path = "Administrator Login View.swift"; sourceTree = "<group>"; };
		3CE922352D3F903300E0F967 /* Doctor Login View.swift */ = {isa = PBXFileReference; lastKnownFileType = sourcecode.swift; path = "Doctor Login View.swift"; sourceTree = "<group>"; };
		3CFEB2EA2D7D6556005D83BE /* Department Manager View.swift */ = {isa = PBXFileReference; lastKnownFileType = sourcecode.swift; path = "Department Manager View.swift"; sourceTree = "<group>"; };
/* End PBXFileReference section */

/* Begin PBXFrameworksBuildPhase section */
		3CBE78182D3E4B8A00021743 /* Frameworks */ = {
			isa = PBXFrameworksBuildPhase;
			buildActionMask = 2147483647;
			files = (
			);
			runOnlyForDeploymentPostprocessing = 0;
		};
/* End PBXFrameworksBuildPhase section */

/* Begin PBXGroup section */
		3C04D6EF2D46307F00041AA6 /* Views */ = {
			isa = PBXGroup;
			children = (
				3C3FB7552D414186001FC995 /* Setup View */,
				3CE922322D3F8F9600E0F967 /* Administrator View */,
				3CE922342D3F900C00E0F967 /* Doctor View */,
			);
			path = Views;
			sourceTree = "<group>";
		};
		3C04D6F02D4630CB00041AA6 /* Data Models */ = {
			isa = PBXGroup;
			children = (
				3C04D6F12D4630FF00041AA6 /* Administrator Data Model.swift */,
				3C04D6F32D46323D00041AA6 /* Doctor Data Model.swift */,
				3C04D6F52D46327D00041AA6 /* Patient Data Model.swift */,
				3C04D6F72D46330C00041AA6 /* Patient Clinical Record Model.swift */,
				3C4BC7A42D76C4A2008E9505 /* Patient Appointment Data Model.swift */,
				3C867E542D7C9A6B00FE865A /* Clinical Department Data Model.swift */,
				3C867E562D7C9BD800FE865A /* Prescription Data Model.swift */,
				3C867E582D7C9CBD00FE865A /* Medication Detail Data Model.swift */,
				3C9423B32D8724780099704D /* Sample Preview Data Models.swift */,
			);
			path = "Data Models";
			sourceTree = "<group>";
		};
		3C0CF4302D8B19BE00F2D6B7 /* Data Managers */ = {
			isa = PBXGroup;
			children = (
				3C0CF4312D8B1A3200F2D6B7 /* Encryption Manager.swift */,
			);
			path = "Data Managers";
			sourceTree = "<group>";
		};
		3C3FB7552D414186001FC995 /* Setup View */ = {
			isa = PBXGroup;
			children = (
				3C3FB7562D41419F001FC995 /* Welcome View.swift */,
				3C3FB7582D41421A001FC995 /* Administrator Setup View.swift */,
				3C36A56E2F49A9C700348025 /* Network Setup View.swift */,
				3CE142052D429306006BDCF7 /* Basic Instructions View.swift */,
			);
			path = "Setup View";
			sourceTree = "<group>";
		};
		3C46826E2D65B76C00F20354 /* Administrator Home View Elements */ = {
			isa = PBXGroup;
			children = (
				3C93638C2D69CA2900522A46 /* Doctor Data List View.swift */,
				3C4682722D65B7F400F20354 /* Patient Data List View.swift */,
				3CFEB2EA2D7D6556005D83BE /* Department Manager View.swift */,
				3C4682742D65B80600F20354 /* Network Settings View.swift */,
				3C4682762D65B81400F20354 /* Admin Manager View.swift */,
			);
			path = "Administrator Home View Elements";
			sourceTree = "<group>";
		};
		3CBE78122D3E4B8A00021743 = {
			isa = PBXGroup;
			children = (
				3CBE78332D3E4CB800021743 /* MeDeX for Mac */,
				3CBE781C2D3E4B8A00021743 /* Products */,
			);
			sourceTree = "<group>";
		};
		3CBE781C2D3E4B8A00021743 /* Products */ = {
			isa = PBXGroup;
			children = (
				3CBE781B2D3E4B8A00021743 /* MeDeX for Mac.app */,
			);
			name = Products;
			sourceTree = "<group>";
		};
		3CBE782E2D3E4CB800021743 /* Preview Content */ = {
			isa = PBXGroup;
			children = (
				3CBE782D2D3E4CB800021743 /* Preview Assets.xcassets */,
			);
			path = "Preview Content";
			sourceTree = "<group>";
		};
		3CBE78332D3E4CB800021743 /* MeDeX for Mac */ = {
			isa = PBXGroup;
			children = (
				3CBE78322D3E4CB800021743 /* MeDeX_for_MacApp.swift */,
				3CBE78312D3E4CB800021743 /* MeDeX_for_Mac.entitlements */,
				3CBE78302D3E4CB800021743 /* ContentView.swift */,
				3C04D6EF2D46307F00041AA6 /* Views */,
				3C0CF4302D8B19BE00F2D6B7 /* Data Managers */,
				3C04D6F02D4630CB00041AA6 /* Data Models */,
				3CBE782F2D3E4CB800021743 /* Assets.xcassets */,
				3CBE782E2D3E4CB800021743 /* Preview Content */,
			);
			path = "MeDeX for Mac";
			sourceTree = "<group>";
		};
		3CE922322D3F8F9600E0F967 /* Administrator View */ = {
			isa = PBXGroup;
			children = (
				3CE922312D3F8F9600E0F967 /* Administrator Login View.swift */,
				3C07D7522D439FBA0048C2FC /* Administrator Home View.swift */,
				3C46826E2D65B76C00F20354 /* Administrator Home View Elements */,
			);
			path = "Administrator View";
			sourceTree = "<group>";
		};
		3CE922342D3F900C00E0F967 /* Doctor View */ = {
			isa = PBXGroup;
			children = (
				3CE922352D3F903300E0F967 /* Doctor Login View.swift */,
				3CAEF00D2D75C13E007A69DC /* Doctor Home View.swift */,
				3CBFE11A2D76033C00E25557 /* Patients For Today View.swift */,
				3CBFE11C2D76034800E25557 /* Full Patient List View.swift */,
				3C0523B62D808E3F00C55DA9 /* Patient Detail View.swift */,
				3CD0FF9A2D81DEDB00404FEB /* New Record Entry View.swift */,
			);
			path = "Doctor View";
			sourceTree = "<group>";
		};
/* End PBXGroup section */

/* Begin PBXNativeTarget section */
		3CBE781A2D3E4B8A00021743 /* MeDeX for Mac */ = {
			isa = PBXNativeTarget;
			buildConfigurationList = 3CBE782A2D3E4B8B00021743 /* Build configuration list for PBXNativeTarget "MeDeX for Mac" */;
			buildPhases = (
				3CBE78172D3E4B8A00021743 /* Sources */,
				3CBE78182D3E4B8A00021743 /* Frameworks */,
				3CBE78192D3E4B8A00021743 /* Resources */,
			);
			buildRules = (
			);
			dependencies = (
			);
			name = "MeDeX for Mac";
			packageProductDependencies = (
			);
			productName = "MeDex for Mac";
			productReference = 3CBE781B2D3E4B8A00021743 /* MeDeX for Mac.app */;
			productType = "com.apple.product-type.application";
		};
/* End PBXNativeTarget section */

/* Begin PBXProject section */
		3CBE78132D3E4B8A00021743 /* Project object */ = {
			isa = PBXProject;
			attributes = {
				BuildIndependentTargetsInParallel = 1;
				LastSwiftUpdateCheck = 1620;
				LastUpgradeCheck = 1620;
				TargetAttributes = {
					3CBE781A2D3E4B8A00021743 = {
						CreatedOnToolsVersion = 16.2;
					};
				};
			};
			buildConfigurationList = 3CBE78162D3E4B8A00021743 /* Build configuration list for PBXProject "MeDeX for Mac" */;
			developmentRegion = en;
			hasScannedForEncodings = 0;
			knownRegions = (
				en,
				Base,
			);
			mainGroup = 3CBE78122D3E4B8A00021743;
			minimizedProjectReferenceProxies = 1;
			packageReferences = (
				3CE142042D429081006BDCF7 /* XCLocalSwiftPackageReference "../Data Manager for MeDeX" */,
			);
			preferredProjectObjectVersion = 77;
			productRefGroup = 3CBE781C2D3E4B8A00021743 /* Products */;
			projectDirPath = "";
			projectRoot = "";
			targets = (
				3CBE781A2D3E4B8A00021743 /* MeDeX for Mac */,
			);
		};
/* End PBXProject section */

/* Begin PBXResourcesBuildPhase section */
		3CBE78192D3E4B8A00021743 /* Resources */ = {
			isa = PBXResourcesBuildPhase;
			buildActionMask = 2147483647;
			files = (
				3CBE78362D3E4CB800021743 /* Preview Assets.xcassets in Resources */,
				3CBE78372D3E4CB800021743 /* Assets.xcassets in Resources */,
			);
			runOnlyForDeploymentPostprocessing = 0;
		};
/* End PBXResourcesBuildPhase section */

/* Begin PBXSourcesBuildPhase section */
		3CBE78172D3E4B8A00021743 /* Sources */ = {
			isa = PBXSourcesBuildPhase;
			buildActionMask = 2147483647;
			files = (
				3CBFE11D2D76034800E25557 /* Full Patient List View.swift in Sources */,
				3CBE78342D3E4CB800021743 /* ContentView.swift in Sources */,
				3C0CF4322D8B1A3200F2D6B7 /* Encryption Manager.swift in Sources */,
				3CE142072D42935A006BDCF7 /* Basic Instructions View.swift in Sources */,
				3C0523B72D808E3F00C55DA9 /* Patient Detail View.swift in Sources */,
				3C36A56F2F49A9C700348025 /* Network Setup View.swift in Sources */,
				3C93638D2D69CA2900522A46 /* Doctor Data List View.swift in Sources */,
				3C867E552D7C9A6B00FE865A /* Clinical Department Data Model.swift in Sources */,
				3CD0FF9B2D81DEDB00404FEB /* New Record Entry View.swift in Sources */,
				3C4682772D65B81400F20354 /* Admin Manager View.swift in Sources */,
				3CAEF00E2D75C13E007A69DC /* Doctor Home View.swift in Sources */,
				3C867E592D7C9CBD00FE865A /* Medication Detail Data Model.swift in Sources */,
				3C4BC7A52D76C4A2008E9505 /* Patient Appointment Data Model.swift in Sources */,
				3C04D6F82D46330C00041AA6 /* Patient Clinical Record Model.swift in Sources */,
				3CFEB2EB2D7D6556005D83BE /* Department Manager View.swift in Sources */,
				3C4682732D65B7F400F20354 /* Patient Data List View.swift in Sources */,
				3C04D6F22D4630FF00041AA6 /* Administrator Data Model.swift in Sources */,
				3C4682752D65B80600F20354 /* Network Settings View.swift in Sources */,
				3CE922332D3F8F9600E0F967 /* Administrator Login View.swift in Sources */,
				3C04D6F42D46323D00041AA6 /* Doctor Data Model.swift in Sources */,
				3C3FB7592D41421A001FC995 /* Administrator Setup View.swift in Sources */,
				3C3FB7572D41419F001FC995 /* Welcome View.swift in Sources */,
				3C04D6F62D46327D00041AA6 /* Patient Data Model.swift in Sources */,
				3C93638A2D69C74C00522A46 /* Administrator Home View.swift in Sources */,
				3CBE78352D3E4CB800021743 /* MeDeX_for_MacApp.swift in Sources */,
				3CE922362D3F903300E0F967 /* Doctor Login View.swift in Sources */,
				3C9423B42D8724780099704D /* Sample Preview Data Models.swift in Sources */,
				3CBFE11B2D76033C00E25557 /* Patients For Today View.swift in Sources */,
				3C867E572D7C9BD800FE865A /* Prescription Data Model.swift in Sources */,
			);
			runOnlyForDeploymentPostprocessing = 0;
		};
/* End PBXSourcesBuildPhase section */

/* Begin XCBuildConfiguration section */
		3CBE78282D3E4B8B00021743 /* Debug */ = {
			isa = XCBuildConfiguration;
			buildSettings = {
				ALWAYS_SEARCH_USER_PATHS = NO;
				ASSETCATALOG_COMPILER_GENERATE_SWIFT_ASSET_SYMBOL_EXTENSIONS = YES;
				CLANG_ANALYZER_NONNULL = YES;
				CLANG_ANALYZER_NUMBER_OBJECT_CONVERSION = YES_AGGRESSIVE;
				CLANG_CXX_LANGUAGE_STANDARD = "gnu++20";
				CLANG_ENABLE_MODULES = YES;
				CLANG_ENABLE_OBJC_ARC = YES;
				CLANG_ENABLE_OBJC_WEAK = YES;
				CLANG_WARN_BLOCK_CAPTURE_AUTORELEASING = YES;
				CLANG_WARN_BOOL_CONVERSION = YES;
				CLANG_WARN_COMMA = YES;
				CLANG_WARN_CONSTANT_CONVERSION = YES;
				CLANG_WARN_DEPRECATED_OBJC_IMPLEMENTATIONS = YES;
				CLANG_WARN_DIRECT_OBJC_ISA_USAGE = YES_ERROR;
				CLANG_WARN_DOCUMENTATION_COMMENTS = YES;
				CLANG_WARN_EMPTY_BODY = YES;
				CLANG_WARN_ENUM_CONVERSION = YES;
				CLANG_WARN_INFINITE_RECURSION = YES;
				CLANG_WARN_INT_CONVERSION = YES;
				CLANG_WARN_NON_LITERAL_NULL_CONVERSION = YES;
				CLANG_WARN_OBJC_IMPLICIT_RETAIN_SELF = YES;
				CLANG_WARN_OBJC_LITERAL_CONVERSION = YES;
				CLANG_WARN_OBJC_ROOT_CLASS = YES_ERROR;
				CLANG_WARN_QUOTED_INCLUDE_IN_FRAMEWORK_HEADER = YES;
				CLANG_WARN_RANGE_LOOP_ANALYSIS = YES;
				CLANG_WARN_STRICT_PROTOTYPES = YES;
				CLANG_WARN_SUSPICIOUS_MOVE = YES;
				CLANG_WARN_UNGUARDED_AVAILABILITY = YES_AGGRESSIVE;
				CLANG_WARN_UNREACHABLE_CODE = YES;
				CLANG_WARN__DUPLICATE_METHOD_MATCH = YES;
				COPY_PHASE_STRIP = NO;
				DEBUG_INFORMATION_FORMAT = dwarf;
				ENABLE_STRICT_OBJC_MSGSEND = YES;
				ENABLE_TESTABILITY = YES;
				ENABLE_USER_SCRIPT_SANDBOXING = YES;
				GCC_C_LANGUAGE_STANDARD = gnu17;
				GCC_DYNAMIC_NO_PIC = NO;
				GCC_NO_COMMON_BLOCKS = YES;
				GCC_OPTIMIZATION_LEVEL = 0;
				GCC_PREPROCESSOR_DEFINITIONS = (
					"DEBUG=1",
					"$(inherited)",
				);
				GCC_WARN_64_TO_32_BIT_CONVERSION = YES;
				GCC_WARN_ABOUT_RETURN_TYPE = YES_ERROR;
				GCC_WARN_UNDECLARED_SELECTOR = YES;
				GCC_WARN_UNINITIALIZED_AUTOS = YES_AGGRESSIVE;
				GCC_WARN_UNUSED_FUNCTION = YES;
				GCC_WARN_UNUSED_VARIABLE = YES;
				LOCALIZATION_PREFERS_STRING_CATALOGS = YES;
				MACOSX_DEPLOYMENT_TARGET = 15.2;
				MTL_ENABLE_DEBUG_INFO = INCLUDE_SOURCE;
				MTL_FAST_MATH = YES;
				ONLY_ACTIVE_ARCH = YES;
				SDKROOT = macosx;
				SWIFT_ACTIVE_COMPILATION_CONDITIONS = "DEBUG $(inherited)";
				SWIFT_OPTIMIZATION_LEVEL = "-Onone";
			};
			name = Debug;
		};
		3CBE78292D3E4B8B00021743 /* Release */ = {
			isa = XCBuildConfiguration;
			buildSettings = {
				ALWAYS_SEARCH_USER_PATHS = NO;
				ASSETCATALOG_COMPILER_GENERATE_SWIFT_ASSET_SYMBOL_EXTENSIONS = YES;
				CLANG_ANALYZER_NONNULL = YES;
				CLANG_ANALYZER_NUMBER_OBJECT_CONVERSION = YES_AGGRESSIVE;
				CLANG_CXX_LANGUAGE_STANDARD = "gnu++20";
				CLANG_ENABLE_MODULES = YES;
				CLANG_ENABLE_OBJC_ARC = YES;
				CLANG_ENABLE_OBJC_WEAK = YES;
				CLANG_WARN_BLOCK_CAPTURE_AUTORELEASING = YES;
				CLANG_WARN_BOOL_CONVERSION = YES;
				CLANG_WARN_COMMA = YES;
				CLANG_WARN_CONSTANT_CONVERSION = YES;
				CLANG_WARN_DEPRECATED_OBJC_IMPLEMENTATIONS = YES;
				CLANG_WARN_DIRECT_OBJC_ISA_USAGE = YES_ERROR;
				CLANG_WARN_DOCUMENTATION_COMMENTS = YES;
				CLANG_WARN_EMPTY_BODY = YES;
				CLANG_WARN_ENUM_CONVERSION = YES;
				CLANG_WARN_INFINITE_RECURSION = YES;
				CLANG_WARN_INT_CONVERSION = YES;
				CLANG_WARN_NON_LITERAL_NULL_CONVERSION = YES;
				CLANG_WARN_OBJC_IMPLICIT_RETAIN_SELF = YES;
				CLANG_WARN_OBJC_LITERAL_CONVERSION = YES;
				CLANG_WARN_OBJC_ROOT_CLASS = YES_ERROR;
				CLANG_WARN_QUOTED_INCLUDE_IN_FRAMEWORK_HEADER = YES;
				CLANG_WARN_RANGE_LOOP_ANALYSIS = YES;
				CLANG_WARN_STRICT_PROTOTYPES = YES;
				CLANG_WARN_SUSPICIOUS_MOVE = YES;
				CLANG_WARN_UNGUARDED_AVAILABILITY = YES_AGGRESSIVE;
				CLANG_WARN_UNREACHABLE_CODE = YES;
				CLANG_WARN__DUPLICATE_METHOD_MATCH = YES;
				COPY_PHASE_STRIP = NO;
				DEBUG_INFORMATION_FORMAT = "dwarf-with-dsym";
				ENABLE_NS_ASSERTIONS = NO;
				ENABLE_STRICT_OBJC_MSGSEND = YES;
				ENABLE_USER_SCRIPT_SANDBOXING = YES;
				GCC_C_LANGUAGE_STANDARD = gnu17;
				GCC_NO_COMMON_BLOCKS = YES;
				GCC_WARN_64_TO_32_BIT_CONVERSION = YES;
				GCC_WARN_ABOUT_RETURN_TYPE = YES_ERROR;
				GCC_WARN_UNDECLARED_SELECTOR = YES;
				GCC_WARN_UNINITIALIZED_AUTOS = YES_AGGRESSIVE;
				GCC_WARN_UNUSED_FUNCTION = YES;
				GCC_WARN_UNUSED_VARIABLE = YES;
				LOCALIZATION_PREFERS_STRING_CATALOGS = YES;
				MACOSX_DEPLOYMENT_TARGET = 15.2;
				MTL_ENABLE_DEBUG_INFO = NO;
				MTL_FAST_MATH = YES;
				SDKROOT = macosx;
				SWIFT_COMPILATION_MODE = wholemodule;
			};
			name = Release;
		};
		3CBE782B2D3E4B8B00021743 /* Debug */ = {
			isa = XCBuildConfiguration;
			buildSettings = {
				ASSETCATALOG_COMPILER_APPICON_NAME = AppIcon;
				ASSETCATALOG_COMPILER_GLOBAL_ACCENT_COLOR_NAME = AccentColor;
				CODE_SIGN_ENTITLEMENTS = "MeDex for Mac/MeDex_for_Mac.entitlements";
				CODE_SIGN_STYLE = Automatic;
				COMBINE_HIDPI_IMAGES = YES;
				CURRENT_PROJECT_VERSION = 1;
				DEVELOPMENT_ASSET_PATHS = "\"MeDex for Mac/Preview Content\"";
				DEVELOPMENT_TEAM = CL6U94RH5N;
				ENABLE_HARDENED_RUNTIME = YES;
				ENABLE_PREVIEWS = YES;
				GENERATE_INFOPLIST_FILE = YES;
				INFOPLIST_KEY_LSApplicationCategoryType = "public.app-category.medical";
				INFOPLIST_KEY_NSHumanReadableCopyright = "";
				LD_RUNPATH_SEARCH_PATHS = (
					"$(inherited)",
					"@executable_path/../Frameworks",
				);
				MARKETING_VERSION = 1.0;
				PRODUCT_BUNDLE_IDENTIFIER = "KOUTAN-App-Builders.MeDeX-for-Mac";
				PRODUCT_NAME = "$(TARGET_NAME)";
				SWIFT_EMIT_LOC_STRINGS = YES;
				SWIFT_VERSION = 5.0;
			};
			name = Debug;
		};
		3CBE782C2D3E4B8B00021743 /* Release */ = {
			isa = XCBuildConfiguration;
			buildSettings = {
				ASSETCATALOG_COMPILER_APPICON_NAME = AppIcon;
				ASSETCATALOG_COMPILER_GLOBAL_ACCENT_COLOR_NAME = AccentColor;
				CODE_SIGN_ENTITLEMENTS = "MeDex for Mac/MeDex_for_Mac.entitlements";
				CODE_SIGN_STYLE = Automatic;
				COMBINE_HIDPI_IMAGES = YES;
				CURRENT_PROJECT_VERSION = 1;
				DEVELOPMENT_ASSET_PATHS = "\"MeDex for Mac/Preview Content\"";
				DEVELOPMENT_TEAM = CL6U94RH5N;
				ENABLE_HARDENED_RUNTIME = YES;
				ENABLE_PREVIEWS = YES;
				GENERATE_INFOPLIST_FILE = YES;
				INFOPLIST_KEY_LSApplicationCategoryType = "public.app-category.medical";
				INFOPLIST_KEY_NSHumanReadableCopyright = "";
				LD_RUNPATH_SEARCH_PATHS = (
					"$(inherited)",
					"@executable_path/../Frameworks",
				);
				MARKETING_VERSION = 1.0;
				PRODUCT_BUNDLE_IDENTIFIER = "KOUTAN-App-Builders.MeDeX-for-Mac";
				PRODUCT_NAME = "$(TARGET_NAME)";
				SWIFT_EMIT_LOC_STRINGS = YES;
				SWIFT_VERSION = 5.0;
			};
			name = Release;
		};
/* End XCBuildConfiguration section */

/* Begin XCConfigurationList section */
		3CBE78162D3E4B8A00021743 /* Build configuration list for PBXProject "MeDeX for Mac" */ = {
			isa = XCConfigurationList;
			buildConfigurations = (
				3CBE78282D3E4B8B00021743 /* Debug */,
				3CBE78292D3E4B8B00021743 /* Release */,
			);
			defaultConfigurationIsVisible = 0;
			defaultConfigurationName = Release;
		};
		3CBE782A2D3E4B8B00021743 /* Build configuration list for PBXNativeTarget "MeDeX for Mac" */ = {
			isa = XCConfigurationList;
			buildConfigurations = (
				3CBE782B2D3E4B8B00021743 /* Debug */,
				3CBE782C2D3E4B8B00021743 /* Release */,
			);
			defaultConfigurationIsVisible = 0;
			defaultConfigurationName = Release;
		};
/* End XCConfigurationList section */

/* Begin XCLocalSwiftPackageReference section */
		3CE142042D429081006BDCF7 /* XCLocalSwiftPackageReference "../Data Manager for MeDeX" */ = {
			isa = XCLocalSwiftPackageReference;
			relativePath = "../Data Manager for MeDeX";
		};
/* End XCLocalSwiftPackageReference section */
	};
	rootObject = 3CBE78132D3E4B8A00021743 /* Project object */;
}
